
Microsoft Visual Studio Solution File, Format Version 12.00
# Visual Studio 15
VisualStudioVersion = 15.0.26730.16
MinimumVisualStudioVersion = 10.0.40219.1
Project("{FAE04EC0-301F-11D3-BF4B-00C04F79EFBC}") = "AiTech.Tools", "AiTech.Tools\AiTech.Tools.csproj", "{ECD4393E-142C-4313-8C74-4A2F3EEA624C}"
EndProject
Project("{FAE04EC0-301F-11D3-BF4B-00C04F79EFBC}") = "AiTech.ToolsTests", "AiTech.ToolsTests\AiTech.ToolsTests.csproj", "{8064F8D6-DDB8-4279-ABB4-44BC74D21A0E}"
EndProject
Global
	GlobalSection(SolutionConfigurationPlatforms) = preSolution
		Debug|Any CPU = Debug|Any CPU
		Release|Any CPU = Release|Any CPU
	EndGlobalSection
	GlobalSection(ProjectConfigurationPlatforms) = postSolution
		{ECD4393E-142C-4313-8C74-4A2F3EEA624C}.Debug|Any CPU.ActiveCfg = Debug|Any CPU
		{ECD4393E-142C-4313-8C74-4A2F3EEA624C}.Debug|Any CPU.Build.0 = Debug|Any CPU
		{ECD4393E-142C-4313-8C74-4A2F3EEA624C}.Release|Any CPU.ActiveCfg = Release|Any CPU
		{ECD4393E-142C-4313-8C74-4A2F3EEA624C}.Release|Any CPU.Build.0 = Release|Any CPU
		{8064F8D6-DDB8-4279-ABB4-44BC74D21A0E}.Debug|Any CPU.ActiveCfg = Debug|Any CPU
		{8064F8D6-DDB8-4279-ABB4-44BC74D21A0E}.Debug|Any CPU.Build.0 = Debug|Any CPU
		{8064F8D6-DDB8-4279-ABB4-44BC74D21A0E}.Release|Any CPU.ActiveCfg = Release|Any CPU
		{8064F8D6-DDB8-4279-ABB4-44BC74D21A0E}.Release|Any CPU.Build.0 = Release|Any CPU
	EndGlobalSection
	GlobalSection(SolutionProperties) = preSolution
		HideSolutionNode = FALSE
	EndGlobalSection
	GlobalSection(ExtensibilityGlobals) = postSolution
		SolutionGuid = {536D4BA7-9069-4B48-9CE3-9084473219D4}
	EndGlobalSection
EndGlobal
